
Microsoft Visual Studio Solution File, Format Version 12.00
# Visual Studio Version 17
VisualStudioVersion = 17.12.35728.132
MinimumVisualStudioVersion = 10.0.40219.1
Project("{8BC9CEB8-8B4A-11D0-8D11-00A0C91BC942}") = "KernelCommon", "Kernel\KernelCommon\KernelCommon.vcxproj", "{16366A72-8EEB-4607-B879-21C45FC75BFF}"
	ProjectSection(ProjectDependencies) = postProject
		{49AB073E-EC6D-450E-BE76-6CCA460D76B7} = {49AB073E-EC6D-450E-BE76-6CCA460D76B7}
	EndProjectSection
EndProject
Project("{8BC9CEB8-8B4A-11D0-8D11-00A0C91BC942}") = "WeCheat", "Kernel\WeCheat\WeCheat.vcxproj", "{46A74761-6CFA-41AF-A536-47F08E2C7B48}"
	ProjectSection(ProjectDependencies) = postProject
		{16366A72-8EEB-4607-B879-21C45FC75BFF} = {16366A72-8EEB-4607-B879-21C45FC75BFF}
	EndProjectSection
EndProject
Project("{8BC9CEB8-8B4A-11D0-8D11-00A0C91BC942}") = "KernelIntrin", "Kernel\KernelIntrin\KernelIntrin.vcxproj", "{49AB073E-EC6D-450E-BE76-6CCA460D76B7}"
EndProject
Project("{8BC9CEB8-8B4A-11D0-8D11-00A0C91BC942}") = "DBK", "Kernel\DBK\DBK.vcxproj", "{932D3E4B-3096-4355-9ED0-1B34B17135E7}"
	ProjectSection(ProjectDependencies) = postProject
		{16366A72-8EEB-4607-B879-21C45FC75BFF} = {16366A72-8EEB-4607-B879-21C45FC75BFF}
	EndProjectSection
EndProject
Project("{8BC9CEB8-8B4A-11D0-8D11-00A0C91BC942}") = "WeDebug", "Kernel\WeDebug\WeDebug.vcxproj", "{B5E9544B-CF0A-413C-829E-2D28954EE532}"
	ProjectSection(ProjectDependencies) = postProject
		{16366A72-8EEB-4607-B879-21C45FC75BFF} = {16366A72-8EEB-4607-B879-21C45FC75BFF}
		{49AB073E-EC6D-450E-BE76-6CCA460D76B7} = {49AB073E-EC6D-450E-BE76-6CCA460D76B7}
		{932D3E4B-3096-4355-9ED0-1B34B17135E7} = {932D3E4B-3096-4355-9ED0-1B34B17135E7}
	EndProjectSection
EndProject
Project("{2150E333-8FDC-42A3-9474-1A3956D46DE8}") = "Kernel", "Kernel", "{27EB74E3-7241-44C4-9810-F203A7654645}"
EndProject
Project("{2150E333-8FDC-42A3-9474-1A3956D46DE8}") = "User", "User", "{56788809-3BC4-4546-A956-2923346F826D}"
EndProject
Project("{8BC9CEB8-8B4A-11D0-8D11-00A0C91BC942}") = "UserCommon", "User\vcxproj\UserCommon.vcxproj", "{71CB754E-96D6-461F-AB45-1E478DA94407}"
EndProject
Project("{8BC9CEB8-8B4A-11D0-8D11-00A0C91BC942}") = "WeVt", "Kernel\WeVt\WeVt.vcxproj", "{FABE0ED4-390C-49FC-A0C2-FE46A21B2E7E}"
	ProjectSection(ProjectDependencies) = postProject
		{16366A72-8EEB-4607-B879-21C45FC75BFF} = {16366A72-8EEB-4607-B879-21C45FC75BFF}
		{49AB073E-EC6D-450E-BE76-6CCA460D76B7} = {49AB073E-EC6D-450E-BE76-6CCA460D76B7}
		{994BD41C-68EC-462A-B1E5-60914FD6B0DA} = {994BD41C-68EC-462A-B1E5-60914FD6B0DA}
	EndProjectSection
EndProject
Project("{8BC9CEB8-8B4A-11D0-8D11-00A0C91BC942}") = "SymbolicAccess", "Kernel\SymbolicAccess\SymbolicAccess.vcxproj", "{994BD41C-68EC-462A-B1E5-60914FD6B0DA}"
	ProjectSection(ProjectDependencies) = postProject
		{16366A72-8EEB-4607-B879-21C45FC75BFF} = {16366A72-8EEB-4607-B879-21C45FC75BFF}
	EndProjectSection
EndProject
Project("{8BC9CEB8-8B4A-11D0-8D11-00A0C91BC942}") = "AttachHelper", "User\vcxproj\AttachHelper.vcxproj", "{69872FA5-09FB-4A21-B4B1-F34E619F8281}"
	ProjectSection(ProjectDependencies) = postProject
		{71CB754E-96D6-461F-AB45-1E478DA94407} = {71CB754E-96D6-461F-AB45-1E478DA94407}
	EndProjectSection
EndProject
Project("{8BC9CEB8-8B4A-11D0-8D11-00A0C91BC942}") = "WowTBC", "User\vcxproj\WowTBC.vcxproj", "{38AA2154-AAD7-489C-A95F-22495BB4652D}"
EndProject
Global
	GlobalSection(SolutionConfigurationPlatforms) = preSolution
		Debug|x64 = Debug|x64
		Debug|x86 = Debug|x86
		Devlepoment|x64 = Devlepoment|x64
		Devlepoment|x86 = Devlepoment|x86
		Release|x64 = Release|x64
		Release|x86 = Release|x86
	EndGlobalSection
	GlobalSection(ProjectConfigurationPlatforms) = postSolution
		{16366A72-8EEB-4607-B879-21C45FC75BFF}.Debug|x64.ActiveCfg = Devlepoment|x64
		{16366A72-8EEB-4607-B879-21C45FC75BFF}.Debug|x64.Build.0 = Devlepoment|x64
		{16366A72-8EEB-4607-B879-21C45FC75BFF}.Debug|x64.Deploy.0 = Devlepoment|x64
		{16366A72-8EEB-4607-B879-21C45FC75BFF}.Debug|x86.ActiveCfg = Release|x64
		{16366A72-8EEB-4607-B879-21C45FC75BFF}.Debug|x86.Build.0 = Release|x64
		{16366A72-8EEB-4607-B879-21C45FC75BFF}.Debug|x86.Deploy.0 = Release|x64
		{16366A72-8EEB-4607-B879-21C45FC75BFF}.Devlepoment|x64.ActiveCfg = Devlepoment|x64
		{16366A72-8EEB-4607-B879-21C45FC75BFF}.Devlepoment|x64.Build.0 = Devlepoment|x64
		{16366A72-8EEB-4607-B879-21C45FC75BFF}.Devlepoment|x64.Deploy.0 = Devlepoment|x64
		{16366A72-8EEB-4607-B879-21C45FC75BFF}.Devlepoment|x86.ActiveCfg = Devlepoment|x64
		{16366A72-8EEB-4607-B879-21C45FC75BFF}.Release|x64.ActiveCfg = Release|x64
		{16366A72-8EEB-4607-B879-21C45FC75BFF}.Release|x64.Build.0 = Release|x64
		{16366A72-8EEB-4607-B879-21C45FC75BFF}.Release|x64.Deploy.0 = Release|x64
		{16366A72-8EEB-4607-B879-21C45FC75BFF}.Release|x86.ActiveCfg = Release|x64
		{46A74761-6CFA-41AF-A536-47F08E2C7B48}.Debug|x64.ActiveCfg = Devlepoment|x64
		{46A74761-6CFA-41AF-A536-47F08E2C7B48}.Debug|x64.Build.0 = Devlepoment|x64
		{46A74761-6CFA-41AF-A536-47F08E2C7B48}.Debug|x64.Deploy.0 = Devlepoment|x64
		{46A74761-6CFA-41AF-A536-47F08E2C7B48}.Debug|x86.ActiveCfg = Release|x64
		{46A74761-6CFA-41AF-A536-47F08E2C7B48}.Debug|x86.Build.0 = Release|x64
		{46A74761-6CFA-41AF-A536-47F08E2C7B48}.Debug|x86.Deploy.0 = Release|x64
		{46A74761-6CFA-41AF-A536-47F08E2C7B48}.Devlepoment|x64.ActiveCfg = Devlepoment|x64
		{46A74761-6CFA-41AF-A536-47F08E2C7B48}.Devlepoment|x64.Build.0 = Devlepoment|x64
		{46A74761-6CFA-41AF-A536-47F08E2C7B48}.Devlepoment|x64.Deploy.0 = Devlepoment|x64
		{46A74761-6CFA-41AF-A536-47F08E2C7B48}.Devlepoment|x86.ActiveCfg = Devlepoment|x64
		{46A74761-6CFA-41AF-A536-47F08E2C7B48}.Release|x64.ActiveCfg = Release|x64
		{46A74761-6CFA-41AF-A536-47F08E2C7B48}.Release|x64.Build.0 = Release|x64
		{46A74761-6CFA-41AF-A536-47F08E2C7B48}.Release|x64.Deploy.0 = Release|x64
		{46A74761-6CFA-41AF-A536-47F08E2C7B48}.Release|x86.ActiveCfg = Release|x64
		{49AB073E-EC6D-450E-BE76-6CCA460D76B7}.Debug|x64.ActiveCfg = Devlepoment|x64
		{49AB073E-EC6D-450E-BE76-6CCA460D76B7}.Debug|x64.Build.0 = Devlepoment|x64
		{49AB073E-EC6D-450E-BE76-6CCA460D76B7}.Debug|x64.Deploy.0 = Devlepoment|x64
		{49AB073E-EC6D-450E-BE76-6CCA460D76B7}.Debug|x86.ActiveCfg = Release|x64
		{49AB073E-EC6D-450E-BE76-6CCA460D76B7}.Debug|x86.Build.0 = Release|x64
		{49AB073E-EC6D-450E-BE76-6CCA460D76B7}.Debug|x86.Deploy.0 = Release|x64
		{49AB073E-EC6D-450E-BE76-6CCA460D76B7}.Devlepoment|x64.ActiveCfg = Devlepoment|x64
		{49AB073E-EC6D-450E-BE76-6CCA460D76B7}.Devlepoment|x64.Build.0 = Devlepoment|x64
		{49AB073E-EC6D-450E-BE76-6CCA460D76B7}.Devlepoment|x64.Deploy.0 = Devlepoment|x64
		{49AB073E-EC6D-450E-BE76-6CCA460D76B7}.Devlepoment|x86.ActiveCfg = Devlepoment|x64
		{49AB073E-EC6D-450E-BE76-6CCA460D76B7}.Release|x64.ActiveCfg = Release|x64
		{49AB073E-EC6D-450E-BE76-6CCA460D76B7}.Release|x64.Build.0 = Release|x64
		{49AB073E-EC6D-450E-BE76-6CCA460D76B7}.Release|x64.Deploy.0 = Release|x64
		{49AB073E-EC6D-450E-BE76-6CCA460D76B7}.Release|x86.ActiveCfg = Release|x64
		{932D3E4B-3096-4355-9ED0-1B34B17135E7}.Debug|x64.ActiveCfg = Devlepoment|x64
		{932D3E4B-3096-4355-9ED0-1B34B17135E7}.Debug|x64.Build.0 = Devlepoment|x64
		{932D3E4B-3096-4355-9ED0-1B34B17135E7}.Debug|x64.Deploy.0 = Devlepoment|x64
		{932D3E4B-3096-4355-9ED0-1B34B17135E7}.Debug|x86.ActiveCfg = Release|x64
		{932D3E4B-3096-4355-9ED0-1B34B17135E7}.Debug|x86.Build.0 = Release|x64
		{932D3E4B-3096-4355-9ED0-1B34B17135E7}.Debug|x86.Deploy.0 = Release|x64
		{932D3E4B-3096-4355-9ED0-1B34B17135E7}.Devlepoment|x64.ActiveCfg = Devlepoment|x64
		{932D3E4B-3096-4355-9ED0-1B34B17135E7}.Devlepoment|x64.Build.0 = Devlepoment|x64
		{932D3E4B-3096-4355-9ED0-1B34B17135E7}.Devlepoment|x64.Deploy.0 = Devlepoment|x64
		{932D3E4B-3096-4355-9ED0-1B34B17135E7}.Devlepoment|x86.ActiveCfg = Devlepoment|x64
		{932D3E4B-3096-4355-9ED0-1B34B17135E7}.Release|x64.ActiveCfg = Release|x64
		{932D3E4B-3096-4355-9ED0-1B34B17135E7}.Release|x64.Build.0 = Release|x64
		{932D3E4B-3096-4355-9ED0-1B34B17135E7}.Release|x64.Deploy.0 = Release|x64
		{932D3E4B-3096-4355-9ED0-1B34B17135E7}.Release|x86.ActiveCfg = Release|x64
		{B5E9544B-CF0A-413C-829E-2D28954EE532}.Debug|x64.ActiveCfg = Devlepoment|x64
		{B5E9544B-CF0A-413C-829E-2D28954EE532}.Debug|x64.Build.0 = Devlepoment|x64
		{B5E9544B-CF0A-413C-829E-2D28954EE532}.Debug|x64.Deploy.0 = Devlepoment|x64
		{B5E9544B-CF0A-413C-829E-2D28954EE532}.Debug|x86.ActiveCfg = Release|x64
		{B5E9544B-CF0A-413C-829E-2D28954EE532}.Debug|x86.Build.0 = Release|x64
		{B5E9544B-CF0A-413C-829E-2D28954EE532}.Debug|x86.Deploy.0 = Release|x64
		{B5E9544B-CF0A-413C-829E-2D28954EE532}.Devlepoment|x64.ActiveCfg = Devlepoment|x64
		{B5E9544B-CF0A-413C-829E-2D28954EE532}.Devlepoment|x64.Build.0 = Devlepoment|x64
		{B5E9544B-CF0A-413C-829E-2D28954EE532}.Devlepoment|x64.Deploy.0 = Devlepoment|x64
		{B5E9544B-CF0A-413C-829E-2D28954EE532}.Devlepoment|x86.ActiveCfg = Devlepoment|x64
		{B5E9544B-CF0A-413C-829E-2D28954EE532}.Release|x64.ActiveCfg = Release|x64
		{B5E9544B-CF0A-413C-829E-2D28954EE532}.Release|x64.Build.0 = Release|x64
		{B5E9544B-CF0A-413C-829E-2D28954EE532}.Release|x64.Deploy.0 = Release|x64
		{B5E9544B-CF0A-413C-829E-2D28954EE532}.Release|x86.ActiveCfg = Release|x64
		{71CB754E-96D6-461F-AB45-1E478DA94407}.Debug|x64.ActiveCfg = Debug|x64
		{71CB754E-96D6-461F-AB45-1E478DA94407}.Debug|x64.Build.0 = Debug|x64
		{71CB754E-96D6-461F-AB45-1E478DA94407}.Debug|x86.ActiveCfg = Debug|Win32
		{71CB754E-96D6-461F-AB45-1E478DA94407}.Debug|x86.Build.0 = Debug|Win32
		{71CB754E-96D6-461F-AB45-1E478DA94407}.Devlepoment|x64.ActiveCfg = Devlepoment|x64
		{71CB754E-96D6-461F-AB45-1E478DA94407}.Devlepoment|x64.Build.0 = Devlepoment|x64
		{71CB754E-96D6-461F-AB45-1E478DA94407}.Devlepoment|x86.ActiveCfg = Devlepoment|Win32
		{71CB754E-96D6-461F-AB45-1E478DA94407}.Devlepoment|x86.Build.0 = Devlepoment|Win32
		{71CB754E-96D6-461F-AB45-1E478DA94407}.Release|x64.ActiveCfg = Release|x64
		{71CB754E-96D6-461F-AB45-1E478DA94407}.Release|x64.Build.0 = Release|x64
		{71CB754E-96D6-461F-AB45-1E478DA94407}.Release|x86.ActiveCfg = Release|Win32
		{71CB754E-96D6-461F-AB45-1E478DA94407}.Release|x86.Build.0 = Release|Win32
		{FABE0ED4-390C-49FC-A0C2-FE46A21B2E7E}.Debug|x64.ActiveCfg = Devlepoment|x64
		{FABE0ED4-390C-49FC-A0C2-FE46A21B2E7E}.Debug|x64.Build.0 = Devlepoment|x64
		{FABE0ED4-390C-49FC-A0C2-FE46A21B2E7E}.Debug|x64.Deploy.0 = Devlepoment|x64
		{FABE0ED4-390C-49FC-A0C2-FE46A21B2E7E}.Debug|x86.ActiveCfg = Devlepoment|x64
		{FABE0ED4-390C-49FC-A0C2-FE46A21B2E7E}.Debug|x86.Build.0 = Devlepoment|x64
		{FABE0ED4-390C-49FC-A0C2-FE46A21B2E7E}.Debug|x86.Deploy.0 = Devlepoment|x64
		{FABE0ED4-390C-49FC-A0C2-FE46A21B2E7E}.Devlepoment|x64.ActiveCfg = Devlepoment|x64
		{FABE0ED4-390C-49FC-A0C2-FE46A21B2E7E}.Devlepoment|x64.Build.0 = Devlepoment|x64
		{FABE0ED4-390C-49FC-A0C2-FE46A21B2E7E}.Devlepoment|x64.Deploy.0 = Devlepoment|x64
		{FABE0ED4-390C-49FC-A0C2-FE46A21B2E7E}.Devlepoment|x86.ActiveCfg = Devlepoment|x64
		{FABE0ED4-390C-49FC-A0C2-FE46A21B2E7E}.Devlepoment|x86.Build.0 = Devlepoment|x64
		{FABE0ED4-390C-49FC-A0C2-FE46A21B2E7E}.Devlepoment|x86.Deploy.0 = Devlepoment|x64
		{FABE0ED4-390C-49FC-A0C2-FE46A21B2E7E}.Release|x64.ActiveCfg = Release|x64
		{FABE0ED4-390C-49FC-A0C2-FE46A21B2E7E}.Release|x64.Build.0 = Release|x64
		{FABE0ED4-390C-49FC-A0C2-FE46A21B2E7E}.Release|x64.Deploy.0 = Release|x64
		{FABE0ED4-390C-49FC-A0C2-FE46A21B2E7E}.Release|x86.ActiveCfg = Release|x64
		{FABE0ED4-390C-49FC-A0C2-FE46A21B2E7E}.Release|x86.Build.0 = Release|x64
		{FABE0ED4-390C-49FC-A0C2-FE46A21B2E7E}.Release|x86.Deploy.0 = Release|x64
		{994BD41C-68EC-462A-B1E5-60914FD6B0DA}.Debug|x64.ActiveCfg = Devlepoment|x64
		{994BD41C-68EC-462A-B1E5-60914FD6B0DA}.Debug|x64.Build.0 = Devlepoment|x64
		{994BD41C-68EC-462A-B1E5-60914FD6B0DA}.Debug|x64.Deploy.0 = Devlepoment|x64
		{994BD41C-68EC-462A-B1E5-60914FD6B0DA}.Debug|x86.ActiveCfg = Devlepoment|x64
		{994BD41C-68EC-462A-B1E5-60914FD6B0DA}.Debug|x86.Build.0 = Devlepoment|x64
		{994BD41C-68EC-462A-B1E5-60914FD6B0DA}.Debug|x86.Deploy.0 = Devlepoment|x64
		{994BD41C-68EC-462A-B1E5-60914FD6B0DA}.Devlepoment|x64.ActiveCfg = Devlepoment|x64
		{994BD41C-68EC-462A-B1E5-60914FD6B0DA}.Devlepoment|x64.Build.0 = Devlepoment|x64
		{994BD41C-68EC-462A-B1E5-60914FD6B0DA}.Devlepoment|x64.Deploy.0 = Devlepoment|x64
		{994BD41C-68EC-462A-B1E5-60914FD6B0DA}.Devlepoment|x86.ActiveCfg = Devlepoment|x64
		{994BD41C-68EC-462A-B1E5-60914FD6B0DA}.Devlepoment|x86.Build.0 = Devlepoment|x64
		{994BD41C-68EC-462A-B1E5-60914FD6B0DA}.Devlepoment|x86.Deploy.0 = Devlepoment|x64
		{994BD41C-68EC-462A-B1E5-60914FD6B0DA}.Release|x64.ActiveCfg = Release|x64
		{994BD41C-68EC-462A-B1E5-60914FD6B0DA}.Release|x64.Build.0 = Release|x64
		{994BD41C-68EC-462A-B1E5-60914FD6B0DA}.Release|x64.Deploy.0 = Release|x64
		{994BD41C-68EC-462A-B1E5-60914FD6B0DA}.Release|x86.ActiveCfg = Release|x64
		{994BD41C-68EC-462A-B1E5-60914FD6B0DA}.Release|x86.Build.0 = Release|x64
		{994BD41C-68EC-462A-B1E5-60914FD6B0DA}.Release|x86.Deploy.0 = Release|x64
		{69872FA5-09FB-4A21-B4B1-F34E619F8281}.Debug|x64.ActiveCfg = Debug|x64
		{69872FA5-09FB-4A21-B4B1-F34E619F8281}.Debug|x64.Build.0 = Debug|x64
		{69872FA5-09FB-4A21-B4B1-F34E619F8281}.Debug|x86.ActiveCfg = Debug|Win32
		{69872FA5-09FB-4A21-B4B1-F34E619F8281}.Debug|x86.Build.0 = Debug|Win32
		{69872FA5-09FB-4A21-B4B1-F34E619F8281}.Devlepoment|x64.ActiveCfg = Devlepoment|x64
		{69872FA5-09FB-4A21-B4B1-F34E619F8281}.Devlepoment|x64.Build.0 = Devlepoment|x64
		{69872FA5-09FB-4A21-B4B1-F34E619F8281}.Devlepoment|x86.ActiveCfg = Devlepoment|Win32
		{69872FA5-09FB-4A21-B4B1-F34E619F8281}.Devlepoment|x86.Build.0 = Devlepoment|Win32
		{69872FA5-09FB-4A21-B4B1-F34E619F8281}.Release|x64.ActiveCfg = Release|x64
		{69872FA5-09FB-4A21-B4B1-F34E619F8281}.Release|x64.Build.0 = Release|x64
		{69872FA5-09FB-4A21-B4B1-F34E619F8281}.Release|x86.ActiveCfg = Release|Win32
		{69872FA5-09FB-4A21-B4B1-F34E619F8281}.Release|x86.Build.0 = Release|Win32
		{38AA2154-AAD7-489C-A95F-22495BB4652D}.Debug|x64.ActiveCfg = Debug|x64
		{38AA2154-AAD7-489C-A95F-22495BB4652D}.Debug|x64.Build.0 = Debug|x64
		{38AA2154-AAD7-489C-A95F-22495BB4652D}.Debug|x86.ActiveCfg = Debug|Win32
		{38AA2154-AAD7-489C-A95F-22495BB4652D}.Debug|x86.Build.0 = Debug|Win32
		{38AA2154-AAD7-489C-A95F-22495BB4652D}.Devlepoment|x64.ActiveCfg = Devlepoment|x64
		{38AA2154-AAD7-489C-A95F-22495BB4652D}.Devlepoment|x64.Build.0 = Devlepoment|x64
		{38AA2154-AAD7-489C-A95F-22495BB4652D}.Devlepoment|x86.ActiveCfg = Devlepoment|Win32
		{38AA2154-AAD7-489C-A95F-22495BB4652D}.Devlepoment|x86.Build.0 = Devlepoment|Win32
		{38AA2154-AAD7-489C-A95F-22495BB4652D}.Release|x64.ActiveCfg = Release|x64
		{38AA2154-AAD7-489C-A95F-22495BB4652D}.Release|x64.Build.0 = Release|x64
		{38AA2154-AAD7-489C-A95F-22495BB4652D}.Release|x86.ActiveCfg = Release|Win32
		{38AA2154-AAD7-489C-A95F-22495BB4652D}.Release|x86.Build.0 = Release|Win32
	EndGlobalSection
	GlobalSection(SolutionProperties) = preSolution
		HideSolutionNode = FALSE
	EndGlobalSection
	GlobalSection(NestedProjects) = preSolution
		{16366A72-8EEB-4607-B879-21C45FC75BFF} = {27EB74E3-7241-44C4-9810-F203A7654645}
		{46A74761-6CFA-41AF-A536-47F08E2C7B48} = {27EB74E3-7241-44C4-9810-F203A7654645}
		{49AB073E-EC6D-450E-BE76-6CCA460D76B7} = {27EB74E3-7241-44C4-9810-F203A7654645}
		{932D3E4B-3096-4355-9ED0-1B34B17135E7} = {27EB74E3-7241-44C4-9810-F203A7654645}
		{B5E9544B-CF0A-413C-829E-2D28954EE532} = {27EB74E3-7241-44C4-9810-F203A7654645}
		{71CB754E-96D6-461F-AB45-1E478DA94407} = {56788809-3BC4-4546-A956-2923346F826D}
		{FABE0ED4-390C-49FC-A0C2-FE46A21B2E7E} = {27EB74E3-7241-44C4-9810-F203A7654645}
		{994BD41C-68EC-462A-B1E5-60914FD6B0DA} = {27EB74E3-7241-44C4-9810-F203A7654645}
		{69872FA5-09FB-4A21-B4B1-F34E619F8281} = {56788809-3BC4-4546-A956-2923346F826D}
		{38AA2154-AAD7-489C-A95F-22495BB4652D} = {56788809-3BC4-4546-A956-2923346F826D}
	EndGlobalSection
	GlobalSection(ExtensibilityGlobals) = postSolution
		SolutionGuid = {214D9566-0A05-4C14-AA26-5C130E912CE5}
	EndGlobalSection
EndGlobal
