<?xml version="1.0" encoding="utf-8"?>
<Project ToolsVersion="4.0" xmlns="http://schemas.microsoft.com/developer/msbuild/2003">
  <ItemGroup>
    <Filter Include="源文件">
      <UniqueIdentifier>{4FC737F1-C7A5-4376-A066-2A32D752A2FF}</UniqueIdentifier>
      <Extensions>cpp;c;cc;cxx;def;odl;idl;hpj;bat;asm;asmx</Extensions>
    </Filter>
    <Filter Include="头文件">
      <UniqueIdentifier>{fe4ac2b1-122c-4812-8ac3-e82babaa2ea3}</UniqueIdentifier>
    </Filter>
    <Filter Include="VT">
      <UniqueIdentifier>{e3b1def6-b868-4c03-bfd2-15c3c47d411d}</UniqueIdentifier>
    </Filter>
  </ItemGroup>
  <ItemGroup>
    <ClCompile Include="WeVt.Main.cpp">
      <Filter>源文件</Filter>
    </ClCompile>
    <ClCompile Include="WeVt.pch.cpp">
      <Filter>源文件</Filter>
    </ClCompile>
    <ClCompile Include="WeVt.Global.cpp">
      <Filter>源文件</Filter>
    </ClCompile>
    <ClCompile Include="WeVt.Hypervisor.cpp">
      <Filter>源文件</Filter>
    </ClCompile>
    <ClCompile Include="VT\VT.Apic.cpp">
      <Filter>VT</Filter>
    </ClCompile>
    <ClCompile Include="VT\VT.BreakPoint.cpp">
      <Filter>VT</Filter>
    </ClCompile>
    <ClCompile Include="VT\VT.cpp">
      <Filter>VT</Filter>
    </ClCompile>
    <ClCompile Include="VT\VT.Debugger.cpp">
      <Filter>VT</Filter>
    </ClCompile>
    <ClCompile Include="VT\VT.InterruptHook.cpp">
      <Filter>VT</Filter>
    </ClCompile>
    <ClCompile Include="VT\VT.RedirectInterrupt.cpp">
      <Filter>VT</Filter>
    </ClCompile>
    <ClCompile Include="VT\VT.Test.cpp">
      <Filter>VT</Filter>
    </ClCompile>
    <ClCompile Include="VT\VT.Ultimap.cpp">
      <Filter>VT</Filter>
    </ClCompile>
    <ClCompile Include="VT\VT.VmxOffLoad.cpp">
      <Filter>VT</Filter>
    </ClCompile>
    <ClCompile Include="VT\VT.Watch.cpp">
      <Filter>VT</Filter>
    </ClCompile>
    <ClCompile Include="VT\VT.Util.cpp">
      <Filter>VT</Filter>
    </ClCompile>
  </ItemGroup>
  <ItemGroup>
    <ClInclude Include="WeVt.pch.h">
      <Filter>头文件</Filter>
    </ClInclude>
    <ClInclude Include="WeVt.Config.h">
      <Filter>头文件</Filter>
    </ClInclude>
    <ClInclude Include="WeVt.Global.h">
      <Filter>头文件</Filter>
    </ClInclude>
    <ClInclude Include="WeVt.Hypervisor.h">
      <Filter>头文件</Filter>
    </ClInclude>
    <ClInclude Include="VT\VT.Apic.h">
      <Filter>VT</Filter>
    </ClInclude>
    <ClInclude Include="VT\VT.BreakPoint.h">
      <Filter>VT</Filter>
    </ClInclude>
    <ClInclude Include="VT\VT.Debugger.h">
      <Filter>VT</Filter>
    </ClInclude>
    <ClInclude Include="VT\VT.h">
      <Filter>VT</Filter>
    </ClInclude>
    <ClInclude Include="VT\VT.InterruptHook.h">
      <Filter>VT</Filter>
    </ClInclude>
    <ClInclude Include="VT\VT.RedirectInterrupt.h">
      <Filter>VT</Filter>
    </ClInclude>
    <ClInclude Include="VT\VT.Test.h">
      <Filter>VT</Filter>
    </ClInclude>
    <ClInclude Include="VT\VT.Ultimap.h">
      <Filter>VT</Filter>
    </ClInclude>
    <ClInclude Include="VT\VT.vmdisk.h">
      <Filter>VT</Filter>
    </ClInclude>
    <ClInclude Include="VT\VT.VmxOffLoad.h">
      <Filter>VT</Filter>
    </ClInclude>
    <ClInclude Include="VT\VT.Watch.h">
      <Filter>VT</Filter>
    </ClInclude>
    <ClInclude Include="VT\VT.Util.h">
      <Filter>VT</Filter>
    </ClInclude>
  </ItemGroup>
  <ItemGroup>
    <MASM Include="VT\VT.DebuggerAsm.asm">
      <Filter>VT</Filter>
    </MASM>
    <MASM Include="VT\VT.TestAsm.asm">
      <Filter>VT</Filter>
    </MASM>
    <MASM Include="VT\VT.UtilAsm.asm">
      <Filter>VT</Filter>
    </MASM>
    <MASM Include="VT\VT.VmxOffLoadAsm.asm">
      <Filter>VT</Filter>
    </MASM>
  </ItemGroup>
</Project>